github.com/smartwalle/container v1.0.0 h1:3enlqXTrgms1dIrHGHCSU1+rS348DdiqklwoaCrKcz0=
github.com/smartwalle/container v1.0.0/go.mod h1:Nxloe4c1cG1Yw7ETyaPXhvIhKe0+d8xbHpyM0ArE74I=
github.com/smartwalle/pool4go v1.0.0 h1:tyVd4LqoSFrelzK0xo0+MPUYZ3QT8iRO5EIa3z8lc+4=
github.com/smartwalle/pool4go v1.0.0/go.mod h1:SkGcczCCb+0YlbS1m9/6Bz8+U5nJ2tuQAVPYWq8E16o=
